
Microsoft Visual Studio Solution File, Format Version 12.00
# Visual Studio Version 17
VisualStudioVersion = 17.4.33122.133
MinimumVisualStudioVersion = 10.0.40219.1
Project("{9A19103F-16F7-4668-BE54-9A1E7A4F7556}") = "C2_B2", "C2_B2\C2_B2.csproj", "{231A2FAA-8443-4593-99B2-3F9C521E7299}"
EndProject
Project("{FAE04EC0-301F-11D3-BF4B-00C04F79EFBC}") = "C1", "C1\C1.csproj", "{494DC78C-82DD-4A63-8F14-B7E0747C4D46}"
EndProject
Global
	GlobalSection(SolutionConfigurationPlatforms) = preSolution
		Debug|Any CPU = Debug|Any CPU
		Release|Any CPU = Release|Any CPU
	EndGlobalSection
	GlobalSection(ProjectConfigurationPlatforms) = postSolution
		{231A2FAA-8443-4593-99B2-3F9C521E7299}.Debug|Any CPU.ActiveCfg = Debug|Any CPU
		{231A2FAA-8443-4593-99B2-3F9C521E7299}.Debug|Any CPU.Build.0 = Debug|Any CPU
		{231A2FAA-8443-4593-99B2-3F9C521E7299}.Release|Any CPU.ActiveCfg = Release|Any CPU
		{231A2FAA-8443-4593-99B2-3F9C521E7299}.Release|Any CPU.Build.0 = Release|Any CPU
		{494DC78C-82DD-4A63-8F14-B7E0747C4D46}.Debug|Any CPU.ActiveCfg = Debug|Any CPU
		{494DC78C-82DD-4A63-8F14-B7E0747C4D46}.Debug|Any CPU.Build.0 = Debug|Any CPU
		{494DC78C-82DD-4A63-8F14-B7E0747C4D46}.Release|Any CPU.ActiveCfg = Release|Any CPU
		{494DC78C-82DD-4A63-8F14-B7E0747C4D46}.Release|Any CPU.Build.0 = Release|Any CPU
	EndGlobalSection
	GlobalSection(SolutionProperties) = preSolution
		HideSolutionNode = FALSE
	EndGlobalSection
	GlobalSection(ExtensibilityGlobals) = postSolution
		SolutionGuid = {6AB582A5-BECC-4794-B86E-936669EF01C2}
	EndGlobalSection
EndGlobal
